
Microsoft Visual Studio Solution File, Format Version 12.00
# Visual Studio 15
VisualStudioVersion = 15.0.28010.2041
MinimumVisualStudioVersion = 10.0.40219.1
Project("{9A19103F-16F7-4668-BE54-9A1E7A4F7556}") = "Aloneguid.OneNote.Sdk", "Aloneguid.OneNote.Sdk\Aloneguid.OneNote.Sdk.csproj", "{6DE3E54C-DC35-4053-B27A-54ADD58BF5CD}"
EndProject
Project("{FAE04EC0-301F-11D3-BF4B-00C04F79EFBC}") = "Aloneguid.OneNote.ToMarkdown", "Aloneguid.OneNote.ToMarkdown\Aloneguid.OneNote.ToMarkdown.csproj", "{7C4BF810-AE9E-4491-A743-C7CEDCC48637}"
EndProject
Global
	GlobalSection(SolutionConfigurationPlatforms) = preSolution
		Debug|Any CPU = Debug|Any CPU
		Release|Any CPU = Release|Any CPU
	EndGlobalSection
	GlobalSection(ProjectConfigurationPlatforms) = postSolution
		{6DE3E54C-DC35-4053-B27A-54ADD58BF5CD}.Debug|Any CPU.ActiveCfg = Debug|Any CPU
		{6DE3E54C-DC35-4053-B27A-54ADD58BF5CD}.Debug|Any CPU.Build.0 = Debug|Any CPU
		{6DE3E54C-DC35-4053-B27A-54ADD58BF5CD}.Release|Any CPU.ActiveCfg = Release|Any CPU
		{6DE3E54C-DC35-4053-B27A-54ADD58BF5CD}.Release|Any CPU.Build.0 = Release|Any CPU
		{7C4BF810-AE9E-4491-A743-C7CEDCC48637}.Debug|Any CPU.ActiveCfg = Debug|Any CPU
		{7C4BF810-AE9E-4491-A743-C7CEDCC48637}.Debug|Any CPU.Build.0 = Debug|Any CPU
		{7C4BF810-AE9E-4491-A743-C7CEDCC48637}.Release|Any CPU.ActiveCfg = Release|Any CPU
		{7C4BF810-AE9E-4491-A743-C7CEDCC48637}.Release|Any CPU.Build.0 = Release|Any CPU
	EndGlobalSection
	GlobalSection(SolutionProperties) = preSolution
		HideSolutionNode = FALSE
	EndGlobalSection
	GlobalSection(ExtensibilityGlobals) = postSolution
		SolutionGuid = {A4D936CD-1741-49F0-AE0F-F8C21535A32C}
	EndGlobalSection
EndGlobal
