
Microsoft Visual Studio Solution File, Format Version 12.00
# Visual Studio 15
VisualStudioVersion = 15.0.28010.2041
MinimumVisualStudioVersion = 10.0.40219.1
Project("{FAE04EC0-301F-11D3-BF4B-00C04F79EFBC}") = "Aloneguid.OneNote.Sdk", "..\Aloneguid.OneNote.Sdk\Aloneguid.OneNote.Sdk.csproj", "{3140EAA7-9AEC-42C7-AF36-5C1E42D4D745}"
EndProject
Global
	GlobalSection(SolutionConfigurationPlatforms) = preSolution
		Debug|Any CPU = Debug|Any CPU
		Release|Any CPU = Release|Any CPU
	EndGlobalSection
	GlobalSection(ProjectConfigurationPlatforms) = postSolution
		{3140EAA7-9AEC-42C7-AF36-5C1E42D4D745}.Debug|Any CPU.ActiveCfg = Debug|Any CPU
		{3140EAA7-9AEC-42C7-AF36-5C1E42D4D745}.Debug|Any CPU.Build.0 = Debug|Any CPU
		{3140EAA7-9AEC-42C7-AF36-5C1E42D4D745}.Release|Any CPU.ActiveCfg = Release|Any CPU
		{3140EAA7-9AEC-42C7-AF36-5C1E42D4D745}.Release|Any CPU.Build.0 = Release|Any CPU
	EndGlobalSection
	GlobalSection(SolutionProperties) = preSolution
		HideSolutionNode = FALSE
	EndGlobalSection
	GlobalSection(ExtensibilityGlobals) = postSolution
		SolutionGuid = {A4D936CD-1741-49F0-AE0F-F8C21535A32C}
	EndGlobalSection
EndGlobal
